
Microsoft Visual Studio Solution File, Format Version 12.00
# Visual Studio Version 17
VisualStudioVersion = 17.4.33205.214
MinimumVisualStudioVersion = 10.0.40219.1
Project("{FAE04EC0-301F-11D3-BF4B-00C04F79EFBC}") = "Test", "Test\Test.csproj", "{BC25DCC4-3526-417C-B8CB-DCEF28AA38B0}"
EndProject
Global
	GlobalSection(SolutionConfigurationPlatforms) = preSolution
		Debug|Any CPU = Debug|Any CPU
		Release|Any CPU = Release|Any CPU
	EndGlobalSection
	GlobalSection(ProjectConfigurationPlatforms) = postSolution
		{BC25DCC4-3526-417C-B8CB-DCEF28AA38B0}.Debug|Any CPU.ActiveCfg = Debug|Any CPU
		{BC25DCC4-3526-417C-B8CB-DCEF28AA38B0}.Debug|Any CPU.Build.0 = Debug|Any CPU
		{BC25DCC4-3526-417C-B8CB-DCEF28AA38B0}.Release|Any CPU.ActiveCfg = Release|Any CPU
		{BC25DCC4-3526-417C-B8CB-DCEF28AA38B0}.Release|Any CPU.Build.0 = Release|Any CPU
	EndGlobalSection
	GlobalSection(SolutionProperties) = preSolution
		HideSolutionNode = FALSE
	EndGlobalSection
	GlobalSection(ExtensibilityGlobals) = postSolution
		SolutionGuid = {11D6F795-9011-403B-A2B1-3EF372933FF3}
	EndGlobalSection
EndGlobal
